
Microsoft Visual Studio Solution File, Format Version 12.00
# Visual Studio Version 16
VisualStudioVersion = 16.0.33801.447
MinimumVisualStudioVersion = 10.0.40219.1
Project("{FAE04EC0-301F-11D3-BF4B-00C04F79EFBC}") = "FlightProject", "FlightProject\FlightProject.csproj", "{32C230E6-64AB-42DD-AA24-BFDA2C2FD71D}"
EndProject
Global
	GlobalSection(SolutionConfigurationPlatforms) = preSolution
		Debug|Any CPU = Debug|Any CPU
		Release|Any CPU = Release|Any CPU
	EndGlobalSection
	GlobalSection(ProjectConfigurationPlatforms) = postSolution
		{32C230E6-64AB-42DD-AA24-BFDA2C2FD71D}.Debug|Any CPU.ActiveCfg = Debug|Any CPU
		{32C230E6-64AB-42DD-AA24-BFDA2C2FD71D}.Debug|Any CPU.Build.0 = Debug|Any CPU
		{32C230E6-64AB-42DD-AA24-BFDA2C2FD71D}.Release|Any CPU.ActiveCfg = Release|Any CPU
		{32C230E6-64AB-42DD-AA24-BFDA2C2FD71D}.Release|Any CPU.Build.0 = Release|Any CPU
	EndGlobalSection
	GlobalSection(SolutionProperties) = preSolution
		HideSolutionNode = FALSE
	EndGlobalSection
	GlobalSection(ExtensibilityGlobals) = postSolution
		SolutionGuid = {1BAC6E8C-A112-4FDF-864F-07CFFA75838E}
	EndGlobalSection
EndGlobal
